
Microsoft Visual Studio Solution File, Format Version 12.00
# Visual Studio Version 16
VisualStudioVersion = 16.0.32630.194
MinimumVisualStudioVersion = 10.0.40219.1
Project("{FAE04EC0-301F-11D3-BF4B-00C04F79EFBC}") = "TaskManager.API", "TaskManager.API\TaskManager.API.csproj", "{7C1FA946-0624-47EE-9B0F-A7CF58F5F6A2}"
EndProject
Global
	GlobalSection(SolutionConfigurationPlatforms) = preSolution
		Debug|Any CPU = Debug|Any CPU
		Release|Any CPU = Release|Any CPU
	EndGlobalSection
	GlobalSection(ProjectConfigurationPlatforms) = postSolution
		{7C1FA946-0624-47EE-9B0F-A7CF58F5F6A2}.Debug|Any CPU.ActiveCfg = Debug|Any CPU
		{7C1FA946-0624-47EE-9B0F-A7CF58F5F6A2}.Debug|Any CPU.Build.0 = Debug|Any CPU
		{7C1FA946-0624-47EE-9B0F-A7CF58F5F6A2}.Release|Any CPU.ActiveCfg = Release|Any CPU
		{7C1FA946-0624-47EE-9B0F-A7CF58F5F6A2}.Release|Any CPU.Build.0 = Release|Any CPU
	EndGlobalSection
	GlobalSection(SolutionProperties) = preSolution
		HideSolutionNode = FALSE
	EndGlobalSection
	GlobalSection(ExtensibilityGlobals) = postSolution
		SolutionGuid = {66FABDCB-95AA-4607-85BF-5B60EDA08FCA}
	EndGlobalSection
EndGlobal
